// !$*UTF8*$!
{
	archiveVersion = 1;
	classes = {
	};
	objectVersion = 46;
	objects = {

/* Begin PBXBuildFile section */
		495186BF1E290EE300FDAB2C /* AppDelegate.swift in Sources */ = {isa = PBXBuildFile; fileRef = 495186BE1E290EE300FDAB2C /* AppDelegate.swift */; };
		495186C11E290EE300FDAB2C /* MemeEditorViewController.swift in Sources */ = {isa = PBXBuildFile; fileRef = 495186C01E290EE300FDAB2C /* MemeEditorViewController.swift */; };
		495186C41E290EE300FDAB2C /* Main.storyboard in Resources */ = {isa = PBXBuildFile; fileRef = 495186C21E290EE300FDAB2C /* Main.storyboard */; };
		495186C61E290EE300FDAB2C /* Assets.xcassets in Resources */ = {isa = PBXBuildFile; fileRef = 495186C51E290EE300FDAB2C /* Assets.xcassets */; };
		495186C91E290EE300FDAB2C /* LaunchScreen.storyboard in Resources */ = {isa = PBXBuildFile; fileRef = 495186C71E290EE300FDAB2C /* LaunchScreen.storyboard */; };
		495186D41E290EE300FDAB2C /* MemeMe_1_0Tests.swift in Sources */ = {isa = PBXBuildFile; fileRef = 495186D31E290EE300FDAB2C /* MemeMe_1_0Tests.swift */; };
		495186DF1E290EE300FDAB2C /* MemeMe_1_0UITests.swift in Sources */ = {isa = PBXBuildFile; fileRef = 495186DE1E290EE300FDAB2C /* MemeMe_1_0UITests.swift */; };
		49CF992D1E8EA51D0055CABD /* Utils.swift in Sources */ = {isa = PBXBuildFile; fileRef = 49CF992C1E8EA51D0055CABD /* Utils.swift */; };
/* End PBXBuildFile section */

/* Begin PBXContainerItemProxy section */
		495186D01E290EE300FDAB2C /* PBXContainerItemProxy */ = {
			isa = PBXContainerItemProxy;
			containerPortal = 495186B31E290EE200FDAB2C /* Project object */;
			proxyType = 1;
			remoteGlobalIDString = 495186BA1E290EE200FDAB2C;
			remoteInfo = "MemeMe 1.0";
		};
		495186DB1E290EE300FDAB2C /* PBXContainerItemProxy */ = {
			isa = PBXContainerItemProxy;
			containerPortal = 495186B31E290EE200FDAB2C /* Project object */;
			proxyType = 1;
			remoteGlobalIDString = 495186BA1E290EE200FDAB2C;
			remoteInfo = "MemeMe 1.0";
		};
/* End PBXContainerItemProxy section */

/* Begin PBXFileReference section */
		495186BB1E290EE200FDAB2C /* MemeMe 1.0.app */ = {isa = PBXFileReference; explicitFileType = wrapper.application; includeInIndex = 0; path = "MemeMe 1.0.app"; sourceTree = BUILT_PRODUCTS_DIR; };
		495186BE1E290EE300FDAB2C /* AppDelegate.swift */ = {isa = PBXFileReference; lastKnownFileType = sourcecode.swift; path = AppDelegate.swift; sourceTree = "<group>"; };
		495186C01E290EE300FDAB2C /* MemeEditorViewController.swift */ = {isa = PBXFileReference; lastKnownFileType = sourcecode.swift; path = MemeEditorViewController.swift; sourceTree = "<group>"; };
		495186C31E290EE300FDAB2C /* Base */ = {isa = PBXFileReference; lastKnownFileType = file.storyboard; name = Base; path = Base.lproj/Main.storyboard; sourceTree = "<group>"; };
		495186C51E290EE300FDAB2C /* Assets.xcassets */ = {isa = PBXFileReference; lastKnownFileType = folder.assetcatalog; path = Assets.xcassets; sourceTree = "<group>"; };
		495186C81E290EE300FDAB2C /* Base */ = {isa = PBXFileReference; lastKnownFileType = file.storyboard; name = Base; path = Base.lproj/LaunchScreen.storyboard; sourceTree = "<group>"; };
		495186CA1E290EE300FDAB2C /* Info.plist */ = {isa = PBXFileReference; lastKnownFileType = text.plist.xml; path = Info.plist; sourceTree = "<group>"; };
		495186CF1E290EE300FDAB2C /* MemeMe 1.0Tests.xctest */ = {isa = PBXFileReference; explicitFileType = wrapper.cfbundle; includeInIndex = 0; path = "MemeMe 1.0Tests.xctest"; sourceTree = BUILT_PRODUCTS_DIR; };
		495186D31E290EE300FDAB2C /* MemeMe_1_0Tests.swift */ = {isa = PBXFileReference; lastKnownFileType = sourcecode.swift; path = MemeMe_1_0Tests.swift; sourceTree = "<group>"; };
		495186D51E290EE300FDAB2C /* Info.plist */ = {isa = PBXFileReference; lastKnownFileType = text.plist.xml; path = Info.plist; sourceTree = "<group>"; };
		495186DA1E290EE300FDAB2C /* MemeMe 1.0UITests.xctest */ = {isa = PBXFileReference; explicitFileType = wrapper.cfbundle; includeInIndex = 0; path = "MemeMe 1.0UITests.xctest"; sourceTree = BUILT_PRODUCTS_DIR; };
		495186DE1E290EE300FDAB2C /* MemeMe_1_0UITests.swift */ = {isa = PBXFileReference; lastKnownFileType = sourcecode.swift; path = MemeMe_1_0UITests.swift; sourceTree = "<group>"; };
		495186E01E290EE300FDAB2C /* Info.plist */ = {isa = PBXFileReference; lastKnownFileType = text.plist.xml; path = Info.plist; sourceTree = "<group>"; };
		49CF992C1E8EA51D0055CABD /* Utils.swift */ = {isa = PBXFileReference; fileEncoding = 4; lastKnownFileType = sourcecode.swift; path = Utils.swift; sourceTree = "<group>"; };
/* End PBXFileReference section */

/* Begin PBXFrameworksBuildPhase section */
		495186B81E290EE200FDAB2C /* Frameworks */ = {
			isa = PBXFrameworksBuildPhase;
			buildActionMask = 2147483647;
			files = (
			);
			runOnlyForDeploymentPostprocessing = 0;
		};
		495186CC1E290EE300FDAB2C /* Frameworks */ = {
			isa = PBXFrameworksBuildPhase;
			buildActionMask = 2147483647;
			files = (
			);
			runOnlyForDeploymentPostprocessing = 0;
		};
		495186D71E290EE300FDAB2C /* Frameworks */ = {
			isa = PBXFrameworksBuildPhase;
			buildActionMask = 2147483647;
			files = (
			);
			runOnlyForDeploymentPostprocessing = 0;
		};
/* End PBXFrameworksBuildPhase section */

/* Begin PBXGroup section */
		495186B21E290EE200FDAB2C = {
			isa = PBXGroup;
			children = (
				495186BD1E290EE200FDAB2C /* MemeMe 1.0 */,
				495186D21E290EE300FDAB2C /* MemeMe 1.0Tests */,
				495186DD1E290EE300FDAB2C /* MemeMe 1.0UITests */,
				495186BC1E290EE200FDAB2C /* Products */,
			);
			sourceTree = "<group>";
		};
		495186BC1E290EE200FDAB2C /* Products */ = {
			isa = PBXGroup;
			children = (
				495186BB1E290EE200FDAB2C /* MemeMe 1.0.app */,
				495186CF1E290EE300FDAB2C /* MemeMe 1.0Tests.xctest */,
				495186DA1E290EE300FDAB2C /* MemeMe 1.0UITests.xctest */,
			);
			name = Products;
			sourceTree = "<group>";
		};
		495186BD1E290EE200FDAB2C /* MemeMe 1.0 */ = {
			isa = PBXGroup;
			children = (
				49CF992F1E8EA6CA0055CABD /* ViewController */,
				49CF992E1E8EA6B60055CABD /* Model */,
				495186BE1E290EE300FDAB2C /* AppDelegate.swift */,
				495186C21E290EE300FDAB2C /* Main.storyboard */,
				495186C51E290EE300FDAB2C /* Assets.xcassets */,
				495186C71E290EE300FDAB2C /* LaunchScreen.storyboard */,
				495186CA1E290EE300FDAB2C /* Info.plist */,
			);
			path = "MemeMe 1.0";
			sourceTree = "<group>";
		};
		495186D21E290EE300FDAB2C /* MemeMe 1.0Tests */ = {
			isa = PBXGroup;
			children = (
				495186D31E290EE300FDAB2C /* MemeMe_1_0Tests.swift */,
				495186D51E290EE300FDAB2C /* Info.plist */,
			);
			path = "MemeMe 1.0Tests";
			sourceTree = "<group>";
		};
		495186DD1E290EE300FDAB2C /* MemeMe 1.0UITests */ = {
			isa = PBXGroup;
			children = (
				495186DE1E290EE300FDAB2C /* MemeMe_1_0UITests.swift */,
				495186E01E290EE300FDAB2C /* Info.plist */,
			);
			path = "MemeMe 1.0UITests";
			sourceTree = "<group>";
		};
		49CF992E1E8EA6B60055CABD /* Model */ = {
			isa = PBXGroup;
			children = (
				49CF992C1E8EA51D0055CABD /* Utils.swift */,
			);
			name = Model;
			sourceTree = "<group>";
		};
		49CF992F1E8EA6CA0055CABD /* ViewController */ = {
			isa = PBXGroup;
			children = (
				495186C01E290EE300FDAB2C /* MemeEditorViewController.swift */,
			);
			name = ViewController;
			sourceTree = "<group>";
		};
/* End PBXGroup section */

/* Begin PBXNativeTarget section */
		495186BA1E290EE200FDAB2C /* MemeMe 1.0 */ = {
			isa = PBXNativeTarget;
			buildConfigurationList = 495186E31E290EE300FDAB2C /* Build configuration list for PBXNativeTarget "MemeMe 1.0" */;
			buildPhases = (
				495186B71E290EE200FDAB2C /* Sources */,
				495186B81E290EE200FDAB2C /* Frameworks */,
				495186B91E290EE200FDAB2C /* Resources */,
			);
			buildRules = (
			);
			dependencies = (
			);
			name = "MemeMe 1.0";
			productName = "MemeMe 1.0";
			productReference = 495186BB1E290EE200FDAB2C /* MemeMe 1.0.app */;
			productType = "com.apple.product-type.application";
		};
		495186CE1E290EE300FDAB2C /* MemeMe 1.0Tests */ = {
			isa = PBXNativeTarget;
			buildConfigurationList = 495186E61E290EE300FDAB2C /* Build configuration list for PBXNativeTarget "MemeMe 1.0Tests" */;
			buildPhases = (
				495186CB1E290EE300FDAB2C /* Sources */,
				495186CC1E290EE300FDAB2C /* Frameworks */,
				495186CD1E290EE300FDAB2C /* Resources */,
			);
			buildRules = (
			);
			dependencies = (
				495186D11E290EE300FDAB2C /* PBXTargetDependency */,
			);
			name = "MemeMe 1.0Tests";
			productName = "MemeMe 1.0Tests";
			productReference = 495186CF1E290EE300FDAB2C /* MemeMe 1.0Tests.xctest */;
			productType = "com.apple.product-type.bundle.unit-test";
		};
		495186D91E290EE300FDAB2C /* MemeMe 1.0UITests */ = {
			isa = PBXNativeTarget;
			buildConfigurationList = 495186E91E290EE300FDAB2C /* Build configuration list for PBXNativeTarget "MemeMe 1.0UITests" */;
			buildPhases = (
				495186D61E290EE300FDAB2C /* Sources */,
				495186D71E290EE300FDAB2C /* Frameworks */,
				495186D81E290EE300FDAB2C /* Resources */,
			);
			buildRules = (
			);
			dependencies = (
				495186DC1E290EE300FDAB2C /* PBXTargetDependency */,
			);
			name = "MemeMe 1.0UITests";
			productName = "MemeMe 1.0UITests";
			productReference = 495186DA1E290EE300FDAB2C /* MemeMe 1.0UITests.xctest */;
			productType = "com.apple.product-type.bundle.ui-testing";
		};
/* End PBXNativeTarget section */

/* Begin PBXProject section */
		495186B31E290EE200FDAB2C /* Project object */ = {
			isa = PBXProject;
			attributes = {
				LastSwiftUpdateCheck = 0810;
				LastUpgradeCheck = 0810;
				ORGANIZATIONNAME = "Timofti, Dmitri";
				TargetAttributes = {
					495186BA1E290EE200FDAB2C = {
						CreatedOnToolsVersion = 8.1;
						ProvisioningStyle = Automatic;
					};
					495186CE1E290EE300FDAB2C = {
						CreatedOnToolsVersion = 8.1;
						ProvisioningStyle = Automatic;
						TestTargetID = 495186BA1E290EE200FDAB2C;
					};
					495186D91E290EE300FDAB2C = {
						CreatedOnToolsVersion = 8.1;
						ProvisioningStyle = Automatic;
						TestTargetID = 495186BA1E290EE200FDAB2C;
					};
				};
			};
			buildConfigurationList = 495186B61E290EE200FDAB2C /* Build configuration list for PBXProject "MemeMe 1.0" */;
			compatibilityVersion = "Xcode 3.2";
			developmentRegion = English;
			hasScannedForEncodings = 0;
			knownRegions = (
				en,
				Base,
			);
			mainGroup = 495186B21E290EE200FDAB2C;
			productRefGroup = 495186BC1E290EE200FDAB2C /* Products */;
			projectDirPath = "";
			projectRoot = "";
			targets = (
				495186BA1E290EE200FDAB2C /* MemeMe 1.0 */,
				495186CE1E290EE300FDAB2C /* MemeMe 1.0Tests */,
				495186D91E290EE300FDAB2C /* MemeMe 1.0UITests */,
			);
		};
/* End PBXProject section */

/* Begin PBXResourcesBuildPhase section */
		495186B91E290EE200FDAB2C /* Resources */ = {
			isa = PBXResourcesBuildPhase;
			buildActionMask = 2147483647;
			files = (
				495186C91E290EE300FDAB2C /* LaunchScreen.storyboard in Resources */,
				495186C61E290EE300FDAB2C /* Assets.xcassets in Resources */,
				495186C41E290EE300FDAB2C /* Main.storyboard in Resources */,
			);
			runOnlyForDeploymentPostprocessing = 0;
		};
		495186CD1E290EE300FDAB2C /* Resources */ = {
			isa = PBXResourcesBuildPhase;
			buildActionMask = 2147483647;
			files = (
			);
			runOnlyForDeploymentPostprocessing = 0;
		};
		495186D81E290EE300FDAB2C /* Resources */ = {
			isa = PBXResourcesBuildPhase;
			buildActionMask = 2147483647;
			files = (
			);
			runOnlyForDeploymentPostprocessing = 0;
		};
/* End PBXResourcesBuildPhase section */

/* Begin PBXSourcesBuildPhase section */
		495186B71E290EE200FDAB2C /* Sources */ = {
			isa = PBXSourcesBuildPhase;
			buildActionMask = 2147483647;
			files = (
				49CF992D1E8EA51D0055CABD /* Utils.swift in Sources */,
				495186C11E290EE300FDAB2C /* MemeEditorViewController.swift in Sources */,
				495186BF1E290EE300FDAB2C /* AppDelegate.swift in Sources */,
			);
			runOnlyForDeploymentPostprocessing = 0;
		};
		495186CB1E290EE300FDAB2C /* Sources */ = {
			isa = PBXSourcesBuildPhase;
			buildActionMask = 2147483647;
			files = (
				495186D41E290EE300FDAB2C /* MemeMe_1_0Tests.swift in Sources */,
			);
			runOnlyForDeploymentPostprocessing = 0;
		};
		495186D61E290EE300FDAB2C /* Sources */ = {
			isa = PBXSourcesBuildPhase;
			buildActionMask = 2147483647;
			files = (
				495186DF1E290EE300FDAB2C /* MemeMe_1_0UITests.swift in Sources */,
			);
			runOnlyForDeploymentPostprocessing = 0;
		};
/* End PBXSourcesBuildPhase section */

/* Begin PBXTargetDependency section */
		495186D11E290EE300FDAB2C /* PBXTargetDependency */ = {
			isa = PBXTargetDependency;
			target = 495186BA1E290EE200FDAB2C /* MemeMe 1.0 */;
			targetProxy = 495186D01E290EE300FDAB2C /* PBXContainerItemProxy */;
		};
		495186DC1E290EE300FDAB2C /* PBXTargetDependency */ = {
			isa = PBXTargetDependency;
			target = 495186BA1E290EE200FDAB2C /* MemeMe 1.0 */;
			targetProxy = 495186DB1E290EE300FDAB2C /* PBXContainerItemProxy */;
		};
/* End PBXTargetDependency section */

/* Begin PBXVariantGroup section */
		495186C21E290EE300FDAB2C /* Main.storyboard */ = {
			isa = PBXVariantGroup;
			children = (
				495186C31E290EE300FDAB2C /* Base */,
			);
			name = Main.storyboard;
			sourceTree = "<group>";
		};
		495186C71E290EE300FDAB2C /* LaunchScreen.storyboard */ = {
			isa = PBXVariantGroup;
			children = (
				495186C81E290EE300FDAB2C /* Base */,
			);
			name = LaunchScreen.storyboard;
			sourceTree = "<group>";
		};
/* End PBXVariantGroup section */

/* Begin XCBuildConfiguration section */
		495186E11E290EE300FDAB2C /* Debug */ = {
			isa = XCBuildConfiguration;
			buildSettings = {
				ALWAYS_SEARCH_USER_PATHS = NO;
				CLANG_ANALYZER_NONNULL = YES;
				CLANG_CXX_LANGUAGE_STANDARD = "gnu++0x";
				CLANG_CXX_LIBRARY = "libc++";
				CLANG_ENABLE_MODULES = YES;
				CLANG_ENABLE_OBJC_ARC = YES;
				CLANG_WARN_BOOL_CONVERSION = YES;
				CLANG_WARN_CONSTANT_CONVERSION = YES;
				CLANG_WARN_DIRECT_OBJC_ISA_USAGE = YES_ERROR;
				CLANG_WARN_DOCUMENTATION_COMMENTS = YES;
				CLANG_WARN_EMPTY_BODY = YES;
				CLANG_WARN_ENUM_CONVERSION = YES;
				CLANG_WARN_INFINITE_RECURSION = YES;
				CLANG_WARN_INT_CONVERSION = YES;
				CLANG_WARN_OBJC_ROOT_CLASS = YES_ERROR;
				CLANG_WARN_SUSPICIOUS_MOVES = YES;
				CLANG_WARN_UNREACHABLE_CODE = YES;
				CLANG_WARN__DUPLICATE_METHOD_MATCH = YES;
				"CODE_SIGN_IDENTITY[sdk=iphoneos*]" = "iPhone Developer";
				COPY_PHASE_STRIP = NO;
				DEBUG_INFORMATION_FORMAT = dwarf;
				ENABLE_STRICT_OBJC_MSGSEND = YES;
				ENABLE_TESTABILITY = YES;
				GCC_C_LANGUAGE_STANDARD = gnu99;
				GCC_DYNAMIC_NO_PIC = NO;
				GCC_NO_COMMON_BLOCKS = YES;
				GCC_OPTIMIZATION_LEVEL = 0;
				GCC_PREPROCESSOR_DEFINITIONS = (
					"DEBUG=1",
					"$(inherited)",
				);
				GCC_WARN_64_TO_32_BIT_CONVERSION = YES;
				GCC_WARN_ABOUT_RETURN_TYPE = YES_ERROR;
				GCC_WARN_UNDECLARED_SELECTOR = YES;
				GCC_WARN_UNINITIALIZED_AUTOS = YES_AGGRESSIVE;
				GCC_WARN_UNUSED_FUNCTION = YES;
				GCC_WARN_UNUSED_VARIABLE = YES;
				IPHONEOS_DEPLOYMENT_TARGET = 10.1;
				MTL_ENABLE_DEBUG_INFO = YES;
				ONLY_ACTIVE_ARCH = YES;
				SDKROOT = iphoneos;
				SWIFT_ACTIVE_COMPILATION_CONDITIONS = DEBUG;
				SWIFT_OPTIMIZATION_LEVEL = "-Onone";
				TARGETED_DEVICE_FAMILY = "1,2";
			};
			name = Debug;
		};
		495186E21E290EE300FDAB2C /* Release */ = {
			isa = XCBuildConfiguration;
			buildSettings = {
				ALWAYS_SEARCH_USER_PATHS = NO;
				CLANG_ANALYZER_NONNULL = YES;
				CLANG_CXX_LANGUAGE_STANDARD = "gnu++0x";
				CLANG_CXX_LIBRARY = "libc++";
				CLANG_ENABLE_MODULES = YES;
				CLANG_ENABLE_OBJC_ARC = YES;
				CLANG_WARN_BOOL_CONVERSION = YES;
				CLANG_WARN_CONSTANT_CONVERSION = YES;
				CLANG_WARN_DIRECT_OBJC_ISA_USAGE = YES_ERROR;
				CLANG_WARN_DOCUMENTATION_COMMENTS = YES;
				CLANG_WARN_EMPTY_BODY = YES;
				CLANG_WARN_ENUM_CONVERSION = YES;
				CLANG_WARN_INFINITE_RECURSION = YES;
				CLANG_WARN_INT_CONVERSION = YES;
				CLANG_WARN_OBJC_ROOT_CLASS = YES_ERROR;
				CLANG_WARN_SUSPICIOUS_MOVES = YES;
				CLANG_WARN_UNREACHABLE_CODE = YES;
				CLANG_WARN__DUPLICATE_METHOD_MATCH = YES;
				"CODE_SIGN_IDENTITY[sdk=iphoneos*]" = "iPhone Developer";
				COPY_PHASE_STRIP = NO;
				DEBUG_INFORMATION_FORMAT = "dwarf-with-dsym";
				ENABLE_NS_ASSERTIONS = NO;
				ENABLE_STRICT_OBJC_MSGSEND = YES;
				GCC_C_LANGUAGE_STANDARD = gnu99;
				GCC_NO_COMMON_BLOCKS = YES;
				GCC_WARN_64_TO_32_BIT_CONVERSION = YES;
				GCC_WARN_ABOUT_RETURN_TYPE = YES_ERROR;
				GCC_WARN_UNDECLARED_SELECTOR = YES;
				GCC_WARN_UNINITIALIZED_AUTOS = YES_AGGRESSIVE;
				GCC_WARN_UNUSED_FUNCTION = YES;
				GCC_WARN_UNUSED_VARIABLE = YES;
				IPHONEOS_DEPLOYMENT_TARGET = 10.1;
				MTL_ENABLE_DEBUG_INFO = NO;
				SDKROOT = iphoneos;
				SWIFT_OPTIMIZATION_LEVEL = "-Owholemodule";
				TARGETED_DEVICE_FAMILY = "1,2";
				VALIDATE_PRODUCT = YES;
			};
			name = Release;
		};
		495186E41E290EE300FDAB2C /* Debug */ = {
			isa = XCBuildConfiguration;
			buildSettings = {
				ASSETCATALOG_COMPILER_APPICON_NAME = AppIcon;
				INFOPLIST_FILE = "MemeMe 1.0/Info.plist";
				LD_RUNPATH_SEARCH_PATHS = "$(inherited) @executable_path/Frameworks";
				PRODUCT_BUNDLE_IDENTIFIER = "com.amazon.MemeMe-1-0";
				PRODUCT_NAME = "$(TARGET_NAME)";
				SWIFT_VERSION = 3.0;
			};
			name = Debug;
		};
		495186E51E290EE300FDAB2C /* Release */ = {
			isa = XCBuildConfiguration;
			buildSettings = {
				ASSETCATALOG_COMPILER_APPICON_NAME = AppIcon;
				INFOPLIST_FILE = "MemeMe 1.0/Info.plist";
				LD_RUNPATH_SEARCH_PATHS = "$(inherited) @executable_path/Frameworks";
				PRODUCT_BUNDLE_IDENTIFIER = "com.amazon.MemeMe-1-0";
				PRODUCT_NAME = "$(TARGET_NAME)";
				SWIFT_VERSION = 3.0;
			};
			name = Release;
		};
		495186E71E290EE300FDAB2C /* Debug */ = {
			isa = XCBuildConfiguration;
			buildSettings = {
				ALWAYS_EMBED_SWIFT_STANDARD_LIBRARIES = YES;
				BUNDLE_LOADER = "$(TEST_HOST)";
				INFOPLIST_FILE = "MemeMe 1.0Tests/Info.plist";
				LD_RUNPATH_SEARCH_PATHS = "$(inherited) @executable_path/Frameworks @loader_path/Frameworks";
				PRODUCT_BUNDLE_IDENTIFIER = "com.amazon.MemeMe-1-0Tests";
				PRODUCT_NAME = "$(TARGET_NAME)";
				SWIFT_VERSION = 3.0;
				TEST_HOST = "$(BUILT_PRODUCTS_DIR)/MemeMe 1.0.app/MemeMe 1.0";
			};
			name = Debug;
		};
		495186E81E290EE300FDAB2C /* Release */ = {
			isa = XCBuildConfiguration;
			buildSettings = {
				ALWAYS_EMBED_SWIFT_STANDARD_LIBRARIES = YES;
				BUNDLE_LOADER = "$(TEST_HOST)";
				INFOPLIST_FILE = "MemeMe 1.0Tests/Info.plist";
				LD_RUNPATH_SEARCH_PATHS = "$(inherited) @executable_path/Frameworks @loader_path/Frameworks";
				PRODUCT_BUNDLE_IDENTIFIER = "com.amazon.MemeMe-1-0Tests";
				PRODUCT_NAME = "$(TARGET_NAME)";
				SWIFT_VERSION = 3.0;
				TEST_HOST = "$(BUILT_PRODUCTS_DIR)/MemeMe 1.0.app/MemeMe 1.0";
			};
			name = Release;
		};
		495186EA1E290EE300FDAB2C /* Debug */ = {
			isa = XCBuildConfiguration;
			buildSettings = {
				ALWAYS_EMBED_SWIFT_STANDARD_LIBRARIES = YES;
				INFOPLIST_FILE = "MemeMe 1.0UITests/Info.plist";
				LD_RUNPATH_SEARCH_PATHS = "$(inherited) @executable_path/Frameworks @loader_path/Frameworks";
				PRODUCT_BUNDLE_IDENTIFIER = "com.amazon.MemeMe-1-0UITests";
				PRODUCT_NAME = "$(TARGET_NAME)";
				SWIFT_VERSION = 3.0;
				TEST_TARGET_NAME = "MemeMe 1.0";
			};
			name = Debug;
		};
		495186EB1E290EE300FDAB2C /* Release */ = {
			isa = XCBuildConfiguration;
			buildSettings = {
				ALWAYS_EMBED_SWIFT_STANDARD_LIBRARIES = YES;
				INFOPLIST_FILE = "MemeMe 1.0UITests/Info.plist";
				LD_RUNPATH_SEARCH_PATHS = "$(inherited) @executable_path/Frameworks @loader_path/Frameworks";
				PRODUCT_BUNDLE_IDENTIFIER = "com.amazon.MemeMe-1-0UITests";
				PRODUCT_NAME = "$(TARGET_NAME)";
				SWIFT_VERSION = 3.0;
				TEST_TARGET_NAME = "MemeMe 1.0";
			};
			name = Release;
		};
/* End XCBuildConfiguration section */

/* Begin XCConfigurationList section */
		495186B61E290EE200FDAB2C /* Build configuration list for PBXProject "MemeMe 1.0" */ = {
			isa = XCConfigurationList;
			buildConfigurations = (
				495186E11E290EE300FDAB2C /* Debug */,
				495186E21E290EE300FDAB2C /* Release */,
			);
			defaultConfigurationIsVisible = 0;
			defaultConfigurationName = Release;
		};
		495186E31E290EE300FDAB2C /* Build configuration list for PBXNativeTarget "MemeMe 1.0" */ = {
			isa = XCConfigurationList;
			buildConfigurations = (
				495186E41E290EE300FDAB2C /* Debug */,
				495186E51E290EE300FDAB2C /* Release */,
			);
			defaultConfigurationIsVisible = 0;
			defaultConfigurationName = Release;
		};
		495186E61E290EE300FDAB2C /* Build configuration list for PBXNativeTarget "MemeMe 1.0Tests" */ = {
			isa = XCConfigurationList;
			buildConfigurations = (
				495186E71E290EE300FDAB2C /* Debug */,
				495186E81E290EE300FDAB2C /* Release */,
			);
			defaultConfigurationIsVisible = 0;
			defaultConfigurationName = Release;
		};
		495186E91E290EE300FDAB2C /* Build configuration list for PBXNativeTarget "MemeMe 1.0UITests" */ = {
			isa = XCConfigurationList;
			buildConfigurations = (
				495186EA1E290EE300FDAB2C /* Debug */,
				495186EB1E290EE300FDAB2C /* Release */,
			);
			defaultConfigurationIsVisible = 0;
			defaultConfigurationName = Release;
		};
/* End XCConfigurationList section */
	};
	rootObject = 495186B31E290EE200FDAB2C /* Project object */;
}
